
Microsoft Visual Studio Solution File, Format Version 12.00
# Visual Studio Version 17
VisualStudioVersion = 17.0.31903.59
MinimumVisualStudioVersion = 10.0.40219.1
Project("{2150E333-8FDC-42A3-9474-1A3956D46DE8}") = "src", "src", "{F09C24F9-CEB8-43E8-B1C8-FBB860862C96}"
EndProject
Project("{FAE04EC0-301F-11D3-BF4B-00C04F79EFBC}") = "FxOs.Domain", "src\FxOs.Domain\FxOs.Domain.csproj", "{0719C1E5-BEE2-4681-9502-78CFA2B4B59F}"
EndProject
Project("{FAE04EC0-301F-11D3-BF4B-00C04F79EFBC}") = "FxOs.Shared", "src\FxOs.Shared\FxOs.Shared.csproj", "{67944CF1-D0D7-434D-8728-9A8396D37156}"
EndProject
Project("{FAE04EC0-301F-11D3-BF4B-00C04F79EFBC}") = "FxOs.Application", "src\FxOs.Application\FxOs.Application.csproj", "{6285CD8F-4CA0-47E0-BED6-655D4EDF397D}"
EndProject
Project("{FAE04EC0-301F-11D3-BF4B-00C04F79EFBC}") = "FxOs.Persistence", "src\FxOs.Persistence\FxOs.Persistence.csproj", "{27D3020D-863E-438F-858C-171FE0E5C61A}"
EndProject
Project("{FAE04EC0-301F-11D3-BF4B-00C04F79EFBC}") = "FxOs.Infrastructure", "src\FxOs.Infrastructure\FxOs.Infrastructure.csproj", "{181DF00E-CDAF-4301-9D13-39570896C2CE}"
EndProject
Project("{FAE04EC0-301F-11D3-BF4B-00C04F79EFBC}") = "FxOs.API", "src\FxOs.API\FxOs.API.csproj", "{E4801989-4849-46B2-A6FB-35CCC8A71D4B}"
EndProject
Project("{FAE04EC0-301F-11D3-BF4B-00C04F79EFBC}") = "FxOs.Storage", "src\FxOs.Storage\FxOs.Storage.csproj", "{0EB21DBF-BEED-4E23-B356-C190E023F971}"
EndProject
Global
	GlobalSection(SolutionConfigurationPlatforms) = preSolution
		Debug|Any CPU = Debug|Any CPU
		Release|Any CPU = Release|Any CPU
	EndGlobalSection
	GlobalSection(SolutionProperties) = preSolution
		HideSolutionNode = FALSE
	EndGlobalSection
	GlobalSection(ProjectConfigurationPlatforms) = postSolution
		{0719C1E5-BEE2-4681-9502-78CFA2B4B59F}.Debug|Any CPU.ActiveCfg = Debug|Any CPU
		{0719C1E5-BEE2-4681-9502-78CFA2B4B59F}.Debug|Any CPU.Build.0 = Debug|Any CPU
		{0719C1E5-BEE2-4681-9502-78CFA2B4B59F}.Release|Any CPU.ActiveCfg = Release|Any CPU
		{0719C1E5-BEE2-4681-9502-78CFA2B4B59F}.Release|Any CPU.Build.0 = Release|Any CPU
		{67944CF1-D0D7-434D-8728-9A8396D37156}.Debug|Any CPU.ActiveCfg = Debug|Any CPU
		{67944CF1-D0D7-434D-8728-9A8396D37156}.Debug|Any CPU.Build.0 = Debug|Any CPU
		{67944CF1-D0D7-434D-8728-9A8396D37156}.Release|Any CPU.ActiveCfg = Release|Any CPU
		{67944CF1-D0D7-434D-8728-9A8396D37156}.Release|Any CPU.Build.0 = Release|Any CPU
		{6285CD8F-4CA0-47E0-BED6-655D4EDF397D}.Debug|Any CPU.ActiveCfg = Debug|Any CPU
		{6285CD8F-4CA0-47E0-BED6-655D4EDF397D}.Debug|Any CPU.Build.0 = Debug|Any CPU
		{6285CD8F-4CA0-47E0-BED6-655D4EDF397D}.Release|Any CPU.ActiveCfg = Release|Any CPU
		{6285CD8F-4CA0-47E0-BED6-655D4EDF397D}.Release|Any CPU.Build.0 = Release|Any CPU
		{27D3020D-863E-438F-858C-171FE0E5C61A}.Debug|Any CPU.ActiveCfg = Debug|Any CPU
		{27D3020D-863E-438F-858C-171FE0E5C61A}.Debug|Any CPU.Build.0 = Debug|Any CPU
		{27D3020D-863E-438F-858C-171FE0E5C61A}.Release|Any CPU.ActiveCfg = Release|Any CPU
		{27D3020D-863E-438F-858C-171FE0E5C61A}.Release|Any CPU.Build.0 = Release|Any CPU
		{181DF00E-CDAF-4301-9D13-39570896C2CE}.Debug|Any CPU.ActiveCfg = Debug|Any CPU
		{181DF00E-CDAF-4301-9D13-39570896C2CE}.Debug|Any CPU.Build.0 = Debug|Any CPU
		{181DF00E-CDAF-4301-9D13-39570896C2CE}.Release|Any CPU.ActiveCfg = Release|Any CPU
		{181DF00E-CDAF-4301-9D13-39570896C2CE}.Release|Any CPU.Build.0 = Release|Any CPU
		{E4801989-4849-46B2-A6FB-35CCC8A71D4B}.Debug|Any CPU.ActiveCfg = Debug|Any CPU
		{E4801989-4849-46B2-A6FB-35CCC8A71D4B}.Debug|Any CPU.Build.0 = Debug|Any CPU
		{E4801989-4849-46B2-A6FB-35CCC8A71D4B}.Release|Any CPU.ActiveCfg = Release|Any CPU
		{E4801989-4849-46B2-A6FB-35CCC8A71D4B}.Release|Any CPU.Build.0 = Release|Any CPU
		{0EB21DBF-BEED-4E23-B356-C190E023F971}.Debug|Any CPU.ActiveCfg = Debug|Any CPU
		{0EB21DBF-BEED-4E23-B356-C190E023F971}.Debug|Any CPU.Build.0 = Debug|Any CPU
		{0EB21DBF-BEED-4E23-B356-C190E023F971}.Release|Any CPU.ActiveCfg = Release|Any CPU
		{0EB21DBF-BEED-4E23-B356-C190E023F971}.Release|Any CPU.Build.0 = Release|Any CPU
	EndGlobalSection
	GlobalSection(NestedProjects) = preSolution
		{0719C1E5-BEE2-4681-9502-78CFA2B4B59F} = {F09C24F9-CEB8-43E8-B1C8-FBB860862C96}
		{67944CF1-D0D7-434D-8728-9A8396D37156} = {F09C24F9-CEB8-43E8-B1C8-FBB860862C96}
		{6285CD8F-4CA0-47E0-BED6-655D4EDF397D} = {F09C24F9-CEB8-43E8-B1C8-FBB860862C96}
		{27D3020D-863E-438F-858C-171FE0E5C61A} = {F09C24F9-CEB8-43E8-B1C8-FBB860862C96}
		{181DF00E-CDAF-4301-9D13-39570896C2CE} = {F09C24F9-CEB8-43E8-B1C8-FBB860862C96}
		{E4801989-4849-46B2-A6FB-35CCC8A71D4B} = {F09C24F9-CEB8-43E8-B1C8-FBB860862C96}
		{0EB21DBF-BEED-4E23-B356-C190E023F971} = {F09C24F9-CEB8-43E8-B1C8-FBB860862C96}
	EndGlobalSection
EndGlobal
